Microsoft Visual Studio Solution File, Format Version 11.00
# Visual Studio 2008

Project("{9FE1D2C0-0BAF-5C00-0AD3-B2B75779E5E5}") = "FezLike1", "Assembly-CSharp-vs.csproj", "{3B927BDA-B37E-CA8A-7005-9B4AC91FE1B8}"
EndProject
Project("{9FE1D2C0-0BAF-5C00-0AD3-B2B75779E5E5}") = "FezLike1", "Assembly-CSharp-Editor-vs.csproj", "{A271D57C-41B7-95FE-9414-50ABC2BCA064}"
EndProject
Global
	GlobalSection(SolutionConfigurationPlatforms) = preSolution
		Debug|Any CPU = Debug|Any CPU
		Release|Any CPU = Release|Any CPU
	EndGlobalSection
	GlobalSection(ProjectConfigurationPlatforms) = postSolution
		{3B927BDA-B37E-CA8A-7005-9B4AC91FE1B8}.Debug|Any CPU.ActiveCfg = Debug|Any CPU
		{3B927BDA-B37E-CA8A-7005-9B4AC91FE1B8}.Debug|Any CPU.Build.0 = Debug|Any CPU
		{3B927BDA-B37E-CA8A-7005-9B4AC91FE1B8}.Release|Any CPU.ActiveCfg = Release|Any CPU
		{3B927BDA-B37E-CA8A-7005-9B4AC91FE1B8}.Release|Any CPU.Build.0 = Release|Any CPU
		{A271D57C-41B7-95FE-9414-50ABC2BCA064}.Debug|Any CPU.ActiveCfg = Debug|Any CPU
		{A271D57C-41B7-95FE-9414-50ABC2BCA064}.Debug|Any CPU.Build.0 = Debug|Any CPU
		{A271D57C-41B7-95FE-9414-50ABC2BCA064}.Release|Any CPU.ActiveCfg = Release|Any CPU
		{A271D57C-41B7-95FE-9414-50ABC2BCA064}.Release|Any CPU.Build.0 = Release|Any CPU
	EndGlobalSection
	GlobalSection(SolutionProperties) = preSolution
		HideSolutionNode = FALSE
	EndGlobalSection
														GlobalSection(MonoDevelopProperties) = preSolution
		StartupItem = Assembly-CSharp.csproj
		Policies = $0
		$0.TextStylePolicy = $1
		$1.inheritsSet = null
		$1.scope = text/x-csharp
		$0.CSharpFormattingPolicy = $2
		$2.inheritsSet = Mono
		$2.inheritsScope = text/x-csharp
		$2.scope = text/x-csharp
		$0.TextStylePolicy = $3
		$3.FileWidth = 120
		$3.TabWidth = 4
		$3.EolMarker = Unix
		$3.inheritsSet = Mono
		$3.inheritsScope = text/plain
		$3.scope = text/plain
	EndGlobalSection

EndGlobal
